
Microsoft Visual Studio Solution File, Format Version 11.00
# Visual Studio 2010
Project("{8BC9CEB8-8B4A-11D0-8D11-00A0C91BC942}") = "client", "client\client.vcxproj", "{FAE0E5BC-E6CC-4A5B-999F-84EE013E1C5D}"
EndProject
Global
	GlobalSection(SolutionConfigurationPlatforms) = preSolution
		Debug|Win32 = Debug|Win32
		Release|Win32 = Release|Win32
	EndGlobalSection
	GlobalSection(ProjectConfigurationPlatforms) = postSolution
		{FAE0E5BC-E6CC-4A5B-999F-84EE013E1C5D}.Debug|Win32.ActiveCfg = Debug|Win32
		{FAE0E5BC-E6CC-4A5B-999F-84EE013E1C5D}.Debug|Win32.Build.0 = Debug|Win32
		{FAE0E5BC-E6CC-4A5B-999F-84EE013E1C5D}.Release|Win32.ActiveCfg = Release|Win32
		{FAE0E5BC-E6CC-4A5B-999F-84EE013E1C5D}.Release|Win32.Build.0 = Release|Win32
	EndGlobalSection
	GlobalSection(SolutionProperties) = preSolution
		HideSolutionNode = FALSE
	EndGlobalSection
EndGlobal
